
Microsoft Visual Studio Solution File, Format Version 12.00
# Visual Studio 15
Project("{FAE04EC0-301F-11D3-BF4B-00C04F79EFBC}") = "UIChallenge.Android", "UIChallenge.Android\UIChallenge.Android.csproj", "{6C361EE0-7CB0-4130-800B-03055DAE48EC}"
EndProject
Project("{FAE04EC0-301F-11D3-BF4B-00C04F79EFBC}") = "UIChallenge.iOS", "UIChallenge.iOS\UIChallenge.iOS.csproj", "{51B22AE8-5D2E-479E-8838-1452B8EE6D69}"
EndProject
Project("{FAE04EC0-301F-11D3-BF4B-00C04F79EFBC}") = "UIChallenge", "UIChallenge\UIChallenge.csproj", "{B95AEAC8-2752-4E8E-AD6F-229067FAD348}"
EndProject
Global
	GlobalSection(SolutionConfigurationPlatforms) = preSolution
		Debug|Any CPU = Debug|Any CPU
		Release|Any CPU = Release|Any CPU
		Debug|iPhoneSimulator = Debug|iPhoneSimulator
		Release|iPhoneSimulator = Release|iPhoneSimulator
		Debug|iPhone = Debug|iPhone
		Release|iPhone = Release|iPhone
	EndGlobalSection
	GlobalSection(ProjectConfigurationPlatforms) = postSolution
		{6C361EE0-7CB0-4130-800B-03055DAE48EC}.Debug|Any CPU.ActiveCfg = Debug|Any CPU
		{6C361EE0-7CB0-4130-800B-03055DAE48EC}.Debug|Any CPU.Build.0 = Debug|Any CPU
		{6C361EE0-7CB0-4130-800B-03055DAE48EC}.Release|Any CPU.ActiveCfg = Release|Any CPU
		{6C361EE0-7CB0-4130-800B-03055DAE48EC}.Release|Any CPU.Build.0 = Release|Any CPU
		{6C361EE0-7CB0-4130-800B-03055DAE48EC}.Debug|iPhoneSimulator.ActiveCfg = Debug|Any CPU
		{6C361EE0-7CB0-4130-800B-03055DAE48EC}.Debug|iPhoneSimulator.Build.0 = Debug|Any CPU
		{6C361EE0-7CB0-4130-800B-03055DAE48EC}.Release|iPhoneSimulator.ActiveCfg = Release|Any CPU
		{6C361EE0-7CB0-4130-800B-03055DAE48EC}.Release|iPhoneSimulator.Build.0 = Release|Any CPU
		{6C361EE0-7CB0-4130-800B-03055DAE48EC}.Debug|iPhone.ActiveCfg = Debug|Any CPU
		{6C361EE0-7CB0-4130-800B-03055DAE48EC}.Debug|iPhone.Build.0 = Debug|Any CPU
		{6C361EE0-7CB0-4130-800B-03055DAE48EC}.Release|iPhone.ActiveCfg = Release|Any CPU
		{6C361EE0-7CB0-4130-800B-03055DAE48EC}.Release|iPhone.Build.0 = Release|Any CPU
		{51B22AE8-5D2E-479E-8838-1452B8EE6D69}.Debug|Any CPU.ActiveCfg = Debug|iPhoneSimulator
		{51B22AE8-5D2E-479E-8838-1452B8EE6D69}.Debug|Any CPU.Build.0 = Debug|iPhoneSimulator
		{51B22AE8-5D2E-479E-8838-1452B8EE6D69}.Release|Any CPU.ActiveCfg = Release|iPhoneSimulator
		{51B22AE8-5D2E-479E-8838-1452B8EE6D69}.Release|Any CPU.Build.0 = Release|iPhoneSimulator
		{51B22AE8-5D2E-479E-8838-1452B8EE6D69}.Debug|iPhoneSimulator.ActiveCfg = Debug|iPhoneSimulator
		{51B22AE8-5D2E-479E-8838-1452B8EE6D69}.Debug|iPhoneSimulator.Build.0 = Debug|iPhoneSimulator
		{51B22AE8-5D2E-479E-8838-1452B8EE6D69}.Release|iPhoneSimulator.ActiveCfg = Release|iPhoneSimulator
		{51B22AE8-5D2E-479E-8838-1452B8EE6D69}.Release|iPhoneSimulator.Build.0 = Release|iPhoneSimulator
		{51B22AE8-5D2E-479E-8838-1452B8EE6D69}.Debug|iPhone.ActiveCfg = Debug|iPhone
		{51B22AE8-5D2E-479E-8838-1452B8EE6D69}.Debug|iPhone.Build.0 = Debug|iPhone
		{51B22AE8-5D2E-479E-8838-1452B8EE6D69}.Release|iPhone.ActiveCfg = Release|iPhone
		{51B22AE8-5D2E-479E-8838-1452B8EE6D69}.Release|iPhone.Build.0 = Release|iPhone
		{B95AEAC8-2752-4E8E-AD6F-229067FAD348}.Debug|Any CPU.ActiveCfg = Debug|Any CPU
		{B95AEAC8-2752-4E8E-AD6F-229067FAD348}.Debug|Any CPU.Build.0 = Debug|Any CPU
		{B95AEAC8-2752-4E8E-AD6F-229067FAD348}.Release|Any CPU.ActiveCfg = Release|Any CPU
		{B95AEAC8-2752-4E8E-AD6F-229067FAD348}.Release|Any CPU.Build.0 = Release|Any CPU
		{B95AEAC8-2752-4E8E-AD6F-229067FAD348}.Debug|iPhoneSimulator.ActiveCfg = Debug|Any CPU
		{B95AEAC8-2752-4E8E-AD6F-229067FAD348}.Debug|iPhoneSimulator.Build.0 = Debug|Any CPU
		{B95AEAC8-2752-4E8E-AD6F-229067FAD348}.Release|iPhoneSimulator.ActiveCfg = Release|Any CPU
		{B95AEAC8-2752-4E8E-AD6F-229067FAD348}.Release|iPhoneSimulator.Build.0 = Release|Any CPU
		{B95AEAC8-2752-4E8E-AD6F-229067FAD348}.Debug|iPhone.ActiveCfg = Debug|Any CPU
		{B95AEAC8-2752-4E8E-AD6F-229067FAD348}.Debug|iPhone.Build.0 = Debug|Any CPU
		{B95AEAC8-2752-4E8E-AD6F-229067FAD348}.Release|iPhone.ActiveCfg = Release|Any CPU
		{B95AEAC8-2752-4E8E-AD6F-229067FAD348}.Release|iPhone.Build.0 = Release|Any CPU
	EndGlobalSection
EndGlobal
